
Microsoft Visual Studio Solution File, Format Version 12.00
# Visual Studio 15
VisualStudioVersion = 15.0.28307.902
MinimumVisualStudioVersion = 10.0.40219.1
Project("{FAE04EC0-301F-11D3-BF4B-00C04F79EFBC}") = "cw2", "cw2\cw2.csproj", "{805AED08-0871-45D0-BF89-AEE6B3FAF05A}"
EndProject
Project("{FAE04EC0-301F-11D3-BF4B-00C04F79EFBC}") = "cw2.Tests", "cw2.Tests\cw2.Tests.csproj", "{8C14C285-6436-4342-8752-4A56D208C6D0}"
EndProject
Global
	GlobalSection(SolutionConfigurationPlatforms) = preSolution
		Debug|Any CPU = Debug|Any CPU
		Release|Any CPU = Release|Any CPU
	EndGlobalSection
	GlobalSection(ProjectConfigurationPlatforms) = postSolution
		{805AED08-0871-45D0-BF89-AEE6B3FAF05A}.Debug|Any CPU.ActiveCfg = Debug|Any CPU
		{805AED08-0871-45D0-BF89-AEE6B3FAF05A}.Debug|Any CPU.Build.0 = Debug|Any CPU
		{805AED08-0871-45D0-BF89-AEE6B3FAF05A}.Release|Any CPU.ActiveCfg = Release|Any CPU
		{805AED08-0871-45D0-BF89-AEE6B3FAF05A}.Release|Any CPU.Build.0 = Release|Any CPU
		{8C14C285-6436-4342-8752-4A56D208C6D0}.Debug|Any CPU.ActiveCfg = Debug|Any CPU
		{8C14C285-6436-4342-8752-4A56D208C6D0}.Debug|Any CPU.Build.0 = Debug|Any CPU
		{8C14C285-6436-4342-8752-4A56D208C6D0}.Release|Any CPU.ActiveCfg = Release|Any CPU
		{8C14C285-6436-4342-8752-4A56D208C6D0}.Release|Any CPU.Build.0 = Release|Any CPU
	EndGlobalSection
	GlobalSection(SolutionProperties) = preSolution
		HideSolutionNode = FALSE
	EndGlobalSection
	GlobalSection(ExtensibilityGlobals) = postSolution
		SolutionGuid = {0267E84F-3DE8-4C80-BDDB-64062581AC86}
	EndGlobalSection
EndGlobal
